
Microsoft Visual Studio Solution File, Format Version 12.00
# Visual Studio Version 17
VisualStudioVersion = 17.5.33530.505
MinimumVisualStudioVersion = 10.0.40219.1
Project("{FAE04EC0-301F-11D3-BF4B-00C04F79EFBC}") = "rabotenjeSoMVC", "rabotenjeSoMVC\rabotenjeSoMVC.csproj", "{D3F21BFF-5030-4ED9-8624-EF5E2D1458EB}"
EndProject
Global
	GlobalSection(SolutionConfigurationPlatforms) = preSolution
		Debug|Any CPU = Debug|Any CPU
		Release|Any CPU = Release|Any CPU
	EndGlobalSection
	GlobalSection(ProjectConfigurationPlatforms) = postSolution
		{D3F21BFF-5030-4ED9-8624-EF5E2D1458EB}.Debug|Any CPU.ActiveCfg = Debug|Any CPU
		{D3F21BFF-5030-4ED9-8624-EF5E2D1458EB}.Debug|Any CPU.Build.0 = Debug|Any CPU
		{D3F21BFF-5030-4ED9-8624-EF5E2D1458EB}.Release|Any CPU.ActiveCfg = Release|Any CPU
		{D3F21BFF-5030-4ED9-8624-EF5E2D1458EB}.Release|Any CPU.Build.0 = Release|Any CPU
	EndGlobalSection
	GlobalSection(SolutionProperties) = preSolution
		HideSolutionNode = FALSE
	EndGlobalSection
	GlobalSection(ExtensibilityGlobals) = postSolution
		SolutionGuid = {B410478E-6A5F-4194-82C7-294C56AE8184}
	EndGlobalSection
EndGlobal
